
Microsoft Visual Studio Solution File, Format Version 12.00
# Visual Studio Version 17
VisualStudioVersion = 17.14.35906.104 d17.14
MinimumVisualStudioVersion = 10.0.40219.1
Project("{FAE04EC0-301F-11D3-BF4B-00C04F79EFBC}") = "Ticket_Management_System", "Ticket_Management_System\Ticket_Management_System.csproj", "{ABC9B747-78E2-4F9B-97A9-372320412FE6}"
EndProject
Global
	GlobalSection(SolutionConfigurationPlatforms) = preSolution
		Debug|Any CPU = Debug|Any CPU
		Release|Any CPU = Release|Any CPU
	EndGlobalSection
	GlobalSection(ProjectConfigurationPlatforms) = postSolution
		{ABC9B747-78E2-4F9B-97A9-372320412FE6}.Debug|Any CPU.ActiveCfg = Debug|Any CPU
		{ABC9B747-78E2-4F9B-97A9-372320412FE6}.Debug|Any CPU.Build.0 = Debug|Any CPU
		{ABC9B747-78E2-4F9B-97A9-372320412FE6}.Release|Any CPU.ActiveCfg = Release|Any CPU
		{ABC9B747-78E2-4F9B-97A9-372320412FE6}.Release|Any CPU.Build.0 = Release|Any CPU
	EndGlobalSection
	GlobalSection(SolutionProperties) = preSolution
		HideSolutionNode = FALSE
	EndGlobalSection
	GlobalSection(ExtensibilityGlobals) = postSolution
		SolutionGuid = {A2211D77-B1F6-4F31-BC50-A70A5A12A6AC}
	EndGlobalSection
EndGlobal
